version = 1
revision = 3
requires-python = "==3.10.*"

[[package]]
name = "absl-py"
version = "2.4.0"
source = { registry = "https://pypi.org/simple" }
sdist = { url = "https://files.pythonhosted.org/packages/64/c7/8de93764ad66968d19329a7e0c147a2bb3c7054c554d4a119111b8f9440f/absl_py-2.4.0.tar.gz", hash = "sha256:8c6af82722b35cf71e0f4d1d47dcaebfff286e27110a99fc359349b247dfb5d4", size = 116543, upload-time = "2026-01-28T10:17:05.322Z" }
wheels = [
    { url = "https://files.pythonhosted.org/packages/18/a6/907a406bb7d359e6a63f99c313846d9eec4f7e6f7437809e03aa00fa3074/absl_py-2.4.0-py3-none-any.whl", hash = "sha256:88476fd881ca8aab94ffa78b7b6c632a782ab3ba1cd19c9bd423abc4fb4cd28d", size = 135750, upload-time = "2026-01-28T10:17:04.19Z" },
]

[[package]]
name = "click"
version = "8.3.1"
source = { registry = "https://pypi.org/simple" }
dependencies = [
    { name = "colorama", marker = "sys_platform == 'win32'" },
]
sdist = { url = "https://files.pythonhosted.org/packages/3d/fa/656b739db8587d7b5dfa22e22ed02566950fbfbcdc20311993483657a5c0/click-8.3.1.tar.gz", hash = "sha256:12ff4785d337a1bb490bb7e9c2b1ee5da3112e94a8622f26a6c77f5d2fc6842a", size = 295065, upload-time = "2025-11-15T20:45:42.706Z" }
wheels = [
    { url = "https://files.pythonhosted.org/packages/98/78/01c019cdb5d6498122777c1a43056ebb3ebfeef2076d9d026bfe15583b2b/click-8.3.1-py3-none-any.whl", hash = "sha256:981153a64e25f12d547d3426c367a4857371575ee7ad18df2a6183ab0545b2a6", size = 108274, upload-time = "2025-11-15T20:45:41.139Z" },
]

[[package]]
name = "colorama"
version = "0.4.6"
source = { registry = "https://pypi.org/simple" }
sdist = { url = "https://files.pythonhosted.org/packages/d8/53/6f443c9a4a8358a93a6792e2acffb9d9d5cb0a5cfd8802644b7b1c9a02e4/colorama-0.4.6.tar.gz", hash = "sha256:08695f5cb7ed6e0531a20572697297273c47b8cae5a63ffc6d6ed5c201be6e44", size = 27697, upload-time = "2022-10-25T02:36:22.414Z" }
wheels = [
    { url = "https://files.pythonhosted.org/packages/d1/d6/3965ed04c63042e047cb6a3e6ed1a63a35087b6a609aa3a15ed8ac56c221/colorama-0.4.6-py2.py3-none-any.whl", hash = "sha256:4f1d9991f5acc0ca119f9d443620b77f9d6b33703e51011c16baf57afb285fc6", size = 25335, upload-time = "2022-10-25T02:36:20.889Z" },
]

[[package]]
name = "coloredlogs"
version = "15.0.1"
source = { registry = "https://pypi.org/simple" }
dependencies = [
    { name = "humanfriendly" },
]
sdist = { url = "https://files.pythonhosted.org/packages/cc/c7/eed8f27100517e8c0e6b923d5f0845d0cb99763da6fdee00478f91db7325/coloredlogs-15.0.1.tar.gz", hash = "sha256:7c991aa71a4577af2f82600d8f8f3a89f936baeaf9b50a9c197da014e5bf16b0", size = 278520, upload-time = "2021-06-11T10:22:45.202Z" }
wheels = [
    { url = "https://files.pythonhosted.org/packages/a7/06/3d6badcf13db419e25b07041d9c7b4a2c331d3f4e7134445ec5df57714cd/coloredlogs-15.0.1-py2.py3-none-any.whl", hash = "sha256:612ee75c546f53e92e70049c9dbfcc18c935a2b9a53b66085ce9ef6a6e5c0934", size = 46018, upload-time = "2021-06-11T10:22:42.561Z" },
]

[[package]]
name = "cyclonedds"
version = "0.10.2"
source = { registry = "https://pypi.org/simple" }
dependencies = [
    { name = "rich-click" },
]
sdist = { url = "https://files.pythonhosted.org/packages/62/88/4b440f5916976234838989c3214222a5abc6fd48009a992c4dc22a86c04f/cyclonedds-0.10.2.tar.gz", hash = "sha256:f834962eabbdcdf4e9cd75cf87222f3c5ef22d9cb9e7ed651d9a8710fe984a30", size = 156849, upload-time = "2022-09-09T07:04:19.798Z" }
wheels = [
    { url = "https://files.pythonhosted.org/packages/16/9f/ad6b8668e5f6d7297cdca4fa42e3c57073f5a323aa7a590e2a1581289eef/cyclonedds-0.10.2-cp310-cp310-macosx_10_9_x86_64.whl", hash = "sha256:63a7e2a2b9e326939a01c86e47f47c529e066728f41faec37e6bc8d54f2f0841", size = 862463, upload-time = "2022-09-09T07:04:22.957Z" },
    { url = "https://files.pythonhosted.org/packages/04/2b/b392a8593c9d7e7f770c60900b3ea3733704ec9786de258d6013b9faad0c/cyclonedds-0.10.2-cp310-cp310-macosx_11_0_arm64.whl", hash = "sha256:e834a6eda188a2c48aa19fa94809511dc791ed6c13bdcc20a50b50d80bfaa1f4", size = 797567, upload-time = "2022-09-09T07:04:24.353Z" },
    { url = "https://files.pythonhosted.org/packages/c1/23/6d8b2630e0c1f24b84c414572ca16b728c69f0d81d974756b4bf0e990afe/cyclonedds-0.10.2-cp310-cp310-manylinux_2_17_x86_64.manylinux2014_x86_64.whl", hash = "sha256:1194b03377e7644c7fb7230dd19b85eb363699d179459bdc5486974ec8d0fc0e", size = 6612050, upload-time = "2022-09-09T07:04:27.111Z" },
    { url = "https://files.pythonhosted.org/packages/bc/05/6b4084bc94f564ec8a1b2e4b3b3634835064fefec560f57d85a173d5c68f/cyclonedds-0.10.2-cp310-cp310-musllinux_1_1_x86_64.whl", hash = "sha256:2965d180c66d2dc03d1d39de056a57007c41c6b21173fee73b808c5123a7a1c5", size = 6634895, upload-time = "2022-09-09T07:04:29.16Z" },
    { url = "https://files.pythonhosted.org/packages/f1/e7/3bbb2d3e6eb7aa29e2edc95ea5062458a0c92dd3e87640f83feed537e555/cyclonedds-0.10.2-cp310-cp310-win_amd64.whl", hash = "sha256:a5be989f69103954c6041b80e3ea1ae9973d41b1b0e437fb71b671417c450ad6", size = 2274046, upload-time = "2022-09-09T07:04:30.987Z" },
]

[[package]]
name = "etils"
version = "1.13.0"
source = { registry = "https://pypi.org/simple" }
sdist = { url = "https://files.pythonhosted.org/packages/9b/a0/522bbff0f3cdd37968f90dd7f26c7aa801ed87f5ba335f156de7f2b88a48/etils-1.13.0.tar.gz", hash = "sha256:a5b60c71f95bcd2d43d4e9fb3dc3879120c1f60472bb5ce19f7a860b1d44f607", size = 106368, upload-time = "2025-07-15T10:29:10.563Z" }
wheels = [
    { url = "https://files.pythonhosted.org/packages/e7/98/87b5946356095738cb90a6df7b35ff69ac5750f6e783d5fbcc5cb3b6cbd7/etils-1.13.0-py3-none-any.whl", hash = "sha256:d9cd4f40fbe77ad6613b7348a18132cc511237b6c076dbb89105c0b520a4c6bb", size = 170603, upload-time = "2025-07-15T10:29:09.076Z" },
]

[package.optional-dependencies]
epath = [
    { name = "fsspec" },
    { name = "importlib-resources" },
    { name = "typing-extensions" },
    { name = "zipp" },
]

[[package]]
name = "flatbuffers"
version = "25.12.19"
source = { registry = "https://pypi.org/simple" }
wheels = [
    { url = "https://files.pythonhosted.org/packages/e8/2d/d2a548598be01649e2d46231d151a6c56d10b964d94043a335ae56ea2d92/flatbuffers-25.12.19-py2.py3-none-any.whl", hash = "sha256:7634f50c427838bb021c2d66a3d1168e9d199b0607e6329399f04846d42e20b4", size = 26661, upload-time = "2025-12-19T23:16:13.622Z" },
]

[[package]]
name = "fsspec"
version = "2026.2.0"
source = { registry = "https://pypi.org/simple" }
sdist = { url = "https://files.pythonhosted.org/packages/51/7c/f60c259dcbf4f0c47cc4ddb8f7720d2dcdc8888c8e5ad84c73ea4531cc5b/fsspec-2026.2.0.tar.gz", hash = "sha256:6544e34b16869f5aacd5b90bdf1a71acb37792ea3ddf6125ee69a22a53fb8bff", size = 313441, upload-time = "2026-02-05T21:50:53.743Z" }
wheels = [
    { url = "https://files.pythonhosted.org/packages/e6/ab/fb21f4c939bb440104cc2b396d3be1d9b7a9fd3c6c2a53d98c45b3d7c954/fsspec-2026.2.0-py3-none-any.whl", hash = "sha256:98de475b5cb3bd66bedd5c4679e87b4fdfe1a3bf4d707b151b3c07e58c9a2437", size = 202505, upload-time = "2026-02-05T21:50:51.819Z" },
]

[[package]]
name = "glfw"
version = "2.10.0"
source = { registry = "https://pypi.org/simple" }
sdist = { url = "https://files.pythonhosted.org/packages/96/72/642d4f12f61816ac96777f7360d413e3977a7dd08237d196f02da681b186/glfw-2.10.0.tar.gz", hash = "sha256:801e55d8581b34df9aa2cfea43feb06ff617576e2a8cc5dac23ee75b26d10abe", size = 31475, upload-time = "2025-09-12T08:54:38.871Z" }
wheels = [
    { url = "https://files.pythonhosted.org/packages/3d/1f/a9ce08b1173b0ab625ee92f0c47a5278b3e76fd367699880d8ee7d56c338/glfw-2.10.0-py2.py27.py3.py30.py31.py32.py33.py34.py35.py36.py37.py38.p39.p310.p311.p312.p313-none-macosx_10_6_intel.whl", hash = "sha256:5f365a8c94bcea71ec91327e7c16e7cf739128479a18b8c1241b004b40acc412", size = 105329, upload-time = "2025-09-12T08:54:27.938Z" },
    { url = "https://files.pythonhosted.org/packages/7c/96/5a2220abcbd027eebcf8bedd28207a2de168899e51be13ba01ebdd4147a1/glfw-2.10.0-py2.py27.py3.py30.py31.py32.py33.py34.py35.py36.py37.py38.p39.p310.p311.p312.p313-none-macosx_11_0_arm64.whl", hash = "sha256:5328db1a92d07abd988730517ec02aa8390d3e6ef7ce98c8b57ecba2f43a39ba", size = 102179, upload-time = "2025-09-12T08:54:29.163Z" },
    { url = "https://files.pythonhosted.org/packages/9d/41/a5bd1d9e1808f400102bd7d328c4ac17b65fb2fc8014014ec6f23d02f662/glfw-2.10.0-py2.py27.py3.py30.py31.py32.py33.py34.py35.py36.py37.py38.p39.p310.p311.p312.p313-none-manylinux2014_aarch64.whl", hash = "sha256:312c4c1dd5509613ed6bc1e95a8dbb75a36b6dcc4120f50dc3892b40172e9053", size = 230039, upload-time = "2025-09-12T08:54:30.201Z" },
    { url = "https://files.pythonhosted.org/packages/80/aa/3b503c448609dee6cb4e7138b4109338f0e65b97be107ab85562269d378d/glfw-2.10.0-py2.py27.py3.py30.py31.py32.py33.py34.py35.py36.py37.py38.p39.p310.p311.p312.p313-none-manylinux2014_x86_64.whl", hash = "sha256:59c53387dc08c62e8bed86bbe3a8d53ab1b27161281ffa0e7f27b64284e2627c", size = 241984, upload-time = "2025-09-12T08:54:31.347Z" },
    { url = "https://files.pythonhosted.org/packages/ac/2d/bfe39a42cad8e80b02bf5f7cae19ba67832c1810bbd3624a8e83153d74a4/glfw-2.10.0-py2.py27.py3.py30.py31.py32.py33.py34.py35.py36.py37.py38.p39.p310.p311.p312.p313-none-manylinux_2_28_aarch64.whl", hash = "sha256:c6f292fdaf3f9a99e598ede6582d21c523a6f51f8f5e66213849101a6bcdc699", size = 231052, upload-time = "2025-09-12T08:54:32.859Z" },
    { url = "https://files.pythonhosted.org/packages/f7/02/6e639e90f181dc9127046e00d0528f9f7ad12d428972e3a5378b9aefdb0b/glfw-2.10.0-py2.py27.py3.py30.py31.py32.py33.py34.py35.py36.py37.py38.p39.p310.p311.p312.p313-none-manylinux_2_28_x86_64.whl", hash = "sha256:7916034efa867927892635733a3b6af8cd95ceb10566fd7f1e0d2763c2ee8b12", size = 243525, upload-time = "2025-09-12T08:54:34.006Z" },
    { url = "https://files.pythonhosted.org/packages/84/06/cb588ca65561defe0fc48d1df4c2ac12569b81231ae4f2b52ab37007d0bd/glfw-2.10.0-py2.py27.py3.py30.py31.py32.py33.py34.py35.py36.py37.py38.p39.p310.p311.p312.p313-none-win32.whl", hash = "sha256:6c9549da71b93e367b4d71438798daae1da2592039fd14204a80a1a2348ae127", size = 552685, upload-time = "2025-09-12T08:54:35.723Z" },
    { url = "https://files.pythonhosted.org/packages/86/27/00c9c96af18ac0a5eac2ff61cbe306551a2d770d7173f396d0792ee1a59e/glfw-2.10.0-py2.py27.py3.py30.py31.py32.py33.py34.py35.py36.py37.py38.p39.p310.p311.p312.p313-none-win_amd64.whl", hash = "sha256:6292d5d6634d668cd23d337e6089491d3945a9aa4ac6e1667b0003520d7caa51", size = 559466, upload-time = "2025-09-12T08:54:37.661Z" },
    { url = "https://files.pythonhosted.org/packages/b3/87/de0b33f6f00687499ca1371f22aa73396341b85bf88f1a284f9da8842493/glfw-2.10.0-py2.py27.py3.py30.py31.py32.py33.py34.py35.py36.py37.py38.py39.py310.py311.py312.py313.py314-none-macosx_10_6_intel.whl", hash = "sha256:2aab89d2d9535635ba011fc7303390685169a1aa6731ad580d08d043524b8899", size = 105326, upload-time = "2026-01-28T05:57:56.083Z" },
    { url = "https://files.pythonhosted.org/packages/b6/a6/6ea2f73ad4474896d9e38b3ffbe6ffd5a802c738392269e99e8c6621a461/glfw-2.10.0-py2.py27.py3.py30.py31.py32.py33.py34.py35.py36.py37.py38.py39.py310.py311.py312.py313.py314-none-macosx_11_0_arm64.whl", hash = "sha256:23936202a107039b5372f0b88ae1d11080746aa1c78910a45d4a0c4cf408cfaa", size = 102180, upload-time = "2026-01-28T05:57:57.787Z" },
    { url = "https://files.pythonhosted.org/packages/58/19/d81b19e8261b9cb51b81d1402167791fef81088dfe91f0c4e9d136fdc5ca/glfw-2.10.0-py2.py27.py3.py30.py31.py32.py33.py34.py35.py36.py37.py38.py39.py310.py311.py312.py313.py314-none-manylinux2014_aarch64.whl", hash = "sha256:7be06d0838f61df67bd54cb6266a6193d54083acb3624ff3c3812a6358406fa4", size = 230038, upload-time = "2026-01-28T05:57:59.105Z" },
    { url = "https://files.pythonhosted.org/packages/e2/fa/b035636cd82198b97b51a93efe9cfc4343d6b15cefbd336a3f2be871d848/glfw-2.10.0-py2.py27.py3.py30.py31.py32.py33.py34.py35.py36.py37.py38.py39.py310.py311.py312.py313.py314-none-manylinux2014_x86_64.whl", hash = "sha256:91d36b3582a766512eff8e3b5dcc2d3ffcbf10b7cf448551085a08a10f1b8244", size = 241983, upload-time = "2026-01-28T05:58:00.352Z" },
    { url = "https://files.pythonhosted.org/packages/ff/b4/f7b6cc022dd7c68b6c702d19da5d591f978f89c958b9bd3090615db0c739/glfw-2.10.0-py2.py27.py3.py30.py31.py32.py33.py34.py35.py36.py37.py38.py39.py310.py311.py312.py313.py314-none-manylinux_2_28_aarch64.whl", hash = "sha256:27c9e9a2d5e1dc3c9e3996171d844d9df9a5a101e797cb94cce217b7afcf8fd9", size = 231053, upload-time = "2026-01-28T05:58:01.683Z" },
    { url = "https://files.pythonhosted.org/packages/5a/3f/efeb7c6801c46e11bd666a5180f0d615f74f72264212f74f39586c6fda9d/glfw-2.10.0-py2.py27.py3.py30.py31.py32.py33.py34.py35.py36.py37.py38.py39.py310.py311.py312.py313.py314-none-manylinux_2_28_x86_64.whl", hash = "sha256:ce6724bb7cb3d0543dcba17206dce909f94176e68220b8eafee72e9f92bcf542", size = 243522, upload-time = "2026-01-28T05:58:03.517Z" },
    { url = "https://files.pythonhosted.org/packages/cf/b9/b04c3aa0aad2870cfe799f32f8b59789c98e1816bbce9e83f4823c5b840b/glfw-2.10.0-py2.py27.py3.py30.py31.py32.py33.py34.py35.py36.py37.py38.py39.py310.py311.py312.py313.py314-none-win32.whl", hash = "sha256:fca724a21a372731edb290841edd28a9fb1ee490f833392752844ac807c0086a", size = 552682, upload-time = "2026-01-28T05:58:05.649Z" },
    { url = "https://files.pythonhosted.org/packages/bd/e1/6d6816b296a529ac9b897ad228b1e084eb1f92319e96371880eebdc874a6/glfw-2.10.0-py2.py27.py3.py30.py31.py32.py33.py34.py35.py36.py37.py38.py39.py310.py311.py312.py313.py314-none-win_amd64.whl", hash = "sha256:823c0bd7770977d4b10e0ed0aef2f3682276b7c88b8b65cfc540afce5951392f", size = 559464, upload-time = "2026-01-28T05:58:07.261Z" },
]

[[package]]
name = "gmt-sim2real"
version = "0.1.0"
source = { virtual = "." }
dependencies = [
    { name = "linuxfd" },
    { name = "mujoco" },
    { name = "numpy" },
    { name = "onnxruntime" },
    { name = "pyyaml" },
    { name = "scipy" },
    { name = "sshkeyboard" },
    { name = "unitree-sdk2py" },
]

[package.metadata]
requires-dist = [
    { name = "linuxfd" },
    { name = "mujoco" },
    { name = "numpy" },
    { name = "onnxruntime" },
    { name = "pyyaml" },
    { name = "scipy" },
    { name = "sshkeyboard" },
    { name = "unitree-sdk2py", git = "https://github.com/EGalahad/unitree_sdk2_python.git" },
]

[[package]]
name = "humanfriendly"
version = "10.0"
source = { registry = "https://pypi.org/simple" }
dependencies = [
    { name = "pyreadline3", marker = "sys_platform == 'win32'" },
]
sdist = { url = "https://files.pythonhosted.org/packages/cc/3f/2c29224acb2e2df4d2046e4c73ee2662023c58ff5b113c4c1adac0886c43/humanfriendly-10.0.tar.gz", hash = "sha256:6b0b831ce8f15f7300721aa49829fc4e83921a9a301cc7f606be6686a2288ddc", size = 360702, upload-time = "2021-09-17T21:40:43.31Z" }
wheels = [
    { url = "https://files.pythonhosted.org/packages/f0/0f/310fb31e39e2d734ccaa2c0fb981ee41f7bd5056ce9bc29b2248bd569169/humanfriendly-10.0-py2.py3-none-any.whl", hash = "sha256:1697e1a8a8f550fd43c2865cd84542fc175a61dcb779b6fee18cf6b6ccba1477", size = 86794, upload-time = "2021-09-17T21:40:39.897Z" },
]

[[package]]
name = "importlib-resources"
version = "6.5.2"
source = { registry = "https://pypi.org/simple" }
sdist = { url = "https://files.pythonhosted.org/packages/cf/8c/f834fbf984f691b4f7ff60f50b514cc3de5cc08abfc3295564dd89c5e2e7/importlib_resources-6.5.2.tar.gz", hash = "sha256:185f87adef5bcc288449d98fb4fba07cea78bc036455dd44c5fc4a2fe78fed2c", size = 44693, upload-time = "2025-01-03T18:51:56.698Z" }
wheels = [
    { url = "https://files.pythonhosted.org/packages/a4/ed/1f1afb2e9e7f38a545d628f864d562a5ae64fe6f7a10e28ffb9b185b4e89/importlib_resources-6.5.2-py3-none-any.whl", hash = "sha256:789cfdc3ed28c78b67a06acb8126751ced69a3d5f79c095a98298cd8a760ccec", size = 37461, upload-time = "2025-01-03T18:51:54.306Z" },
]

[[package]]
name = "linuxfd"
version = "1.5"
source = { registry = "https://pypi.org/simple" }
sdist = { url = "https://files.pythonhosted.org/packages/de/3b/053626111db2badbf2909b193511b8bfa3aa9d973b3e089483101a9dab88/linuxfd-1.5.tar.gz", hash = "sha256:b8c00109724b68e093f9b556edd78e41ed65fb8d969fd0e83186a97b5d3139b4", size = 14940, upload-time = "2020-12-01T17:13:34.186Z" }

[[package]]
name = "markdown-it-py"
version = "4.0.0"
source = { registry = "https://pypi.org/simple" }
dependencies = [
    { name = "mdurl" },
]
sdist = { url = "https://files.pythonhosted.org/packages/5b/f5/4ec618ed16cc4f8fb3b701563655a69816155e79e24a17b651541804721d/markdown_it_py-4.0.0.tar.gz", hash = "sha256:cb0a2b4aa34f932c007117b194e945bd74e0ec24133ceb5bac59009cda1cb9f3", size = 73070, upload-time = "2025-08-11T12:57:52.854Z" }
wheels = [
    { url = "https://files.pythonhosted.org/packages/94/54/e7d793b573f298e1c9013b8c4dade17d481164aa517d1d7148619c2cedbf/markdown_it_py-4.0.0-py3-none-any.whl", hash = "sha256:87327c59b172c5011896038353a81343b6754500a08cd7a4973bb48c6d578147", size = 87321, upload-time = "2025-08-11T12:57:51.923Z" },
]

[[package]]
name = "mdurl"
version = "0.1.2"
source = { registry = "https://pypi.org/simple" }
sdist = { url = "https://files.pythonhosted.org/packages/d6/54/cfe61301667036ec958cb99bd3efefba235e65cdeb9c84d24a8293ba1d90/mdurl-0.1.2.tar.gz", hash = "sha256:bb413d29f5eea38f31dd4754dd7377d4465116fb207585f97bf925588687c1ba", size = 8729, upload-time = "2022-08-14T12:40:10.846Z" }
wheels = [
    { url = "https://files.pythonhosted.org/packages/b3/38/89ba8ad64ae25be8de66a6d463314cf1eb366222074cfda9ee839c56a4b4/mdurl-0.1.2-py3-none-any.whl", hash = "sha256:84008a41e51615a49fc9966191ff91509e3c40b939176e643fd50a5c2196b8f8", size = 9979, upload-time = "2022-08-14T12:40:09.779Z" },
]

[[package]]
name = "mpmath"
version = "1.3.0"
source = { registry = "https://pypi.org/simple" }
sdist = { url = "https://files.pythonhosted.org/packages/e0/47/dd32fa426cc72114383ac549964eecb20ecfd886d1e5ccf5340b55b02f57/mpmath-1.3.0.tar.gz", hash = "sha256:7a28eb2a9774d00c7bc92411c19a89209d5da7c4c9a9e227be8330a23a25b91f", size = 508106, upload-time = "2023-03-07T16:47:11.061Z" }
wheels = [
    { url = "https://files.pythonhosted.org/packages/43/e3/7d92a15f894aa0c9c4b49b8ee9ac9850d6e63b03c9c32c0367a13ae62209/mpmath-1.3.0-py3-none-any.whl", hash = "sha256:a0b2b9fe80bbcd81a6647ff13108738cfb482d481d826cc0e02f5b35e5c88d2c", size = 536198, upload-time = "2023-03-07T16:47:09.197Z" },
]

[[package]]
name = "mujoco"
version = "3.4.0"
source = { registry = "https://pypi.org/simple" }
dependencies = [
    { name = "absl-py" },
    { name = "etils", extra = ["epath"] },
    { name = "glfw" },
    { name = "numpy" },
    { name = "pyopengl" },
]
sdist = { url = "https://files.pythonhosted.org/packages/75/3b/f688fbe34eb609ffdc9dc0f53f7acd3327588f970752780d05a0762d3511/mujoco-3.4.0.tar.gz", hash = "sha256:5a6dc6b7db41eb0ab8724cd477bd0316ba4b53debfc2d80a2d6f444a116fb8d2", size = 826806, upload-time = "2025-12-05T23:13:46.833Z" }
wheels = [
    { url = "https://files.pythonhosted.org/packages/27/a0/ff8c20b923675ee803580bb8a33a2781e48c007a2845607f15184cf7fc32/mujoco-3.4.0-cp310-cp310-macosx_10_16_x86_64.whl", hash = "sha256:b7ae8a534ecf6afab3abab3dc0718ea47f89a2e2f096905870cbf5faf23076c3", size = 6905902, upload-time = "2025-12-05T23:12:59.76Z" },
    { url = "https://files.pythonhosted.org/packages/03/dd/2875a57cdb423d98bdcb359f34af5eb8a24e48a903f4bb7110d75e478dac/mujoco-3.4.0-cp310-cp310-macosx_11_0_arm64.whl", hash = "sha256:7960cf47b4ed274955280200a812e6d780f03707d5258b42c3afb249051216ee", size = 6861873, upload-time = "2025-12-05T23:13:02.42Z" },
    { url = "https://files.pythonhosted.org/packages/67/05/736c180caf0b051ec5ba26ab024e609fb18545b212dd0ee96ec84458f184/mujoco-3.4.0-cp310-cp310-manylinux_2_27_aarch64.manylinux_2_28_aarch64.whl", hash = "sha256:0918ff57a92ba00a95538bf6f0c67973044953bb090b9fd811f9ee6cda4ffcb8", size = 6487647, upload-time = "2025-12-05T23:13:05.097Z" },
    { url = "https://files.pythonhosted.org/packages/71/95/ba02262c7a7a786a64b8d77315e7e4d3c77598ff63d8cd605ba2b96ec349/mujoco-3.4.0-cp310-cp310-manylinux_2_27_x86_64.manylinux_2_28_x86_64.whl", hash = "sha256:1b2b8a75ea191ae577bfa2385ca6ecd6328f37f6f46bc3cfb41835b2653f716a", size = 6911042, upload-time = "2025-12-05T23:13:07.727Z" },
    { url = "https://files.pythonhosted.org/packages/22/d5/f94edc884c11b63f0d7ba9322ec4ca98bc7cad57c5c034c2e3332287d9ad/mujoco-3.4.0-cp310-cp310-win_amd64.whl", hash = "sha256:ffe79a1476767806318b7dfbbb642e428b873385fb2d2f06e69d461459d01ed1", size = 5399174, upload-time = "2025-12-05T23:13:10.271Z" },
]

[[package]]
name = "numpy"
version = "2.2.6"
source = { registry = "https://pypi.org/simple" }
sdist = { url = "https://files.pythonhosted.org/packages/76/21/7d2a95e4bba9dc13d043ee156a356c0a8f0c6309dff6b21b4d71a073b8a8/numpy-2.2.6.tar.gz", hash = "sha256:e29554e2bef54a90aa5cc07da6ce955accb83f21ab5de01a62c8478897b264fd", size = 20276440, upload-time = "2025-05-17T22:38:04.611Z" }
wheels = [
    { url = "https://files.pythonhosted.org/packages/9a/3e/ed6db5be21ce87955c0cbd3009f2803f59fa08df21b5df06862e2d8e2bdd/numpy-2.2.6-cp310-cp310-macosx_10_9_x86_64.whl", hash = "sha256:b412caa66f72040e6d268491a59f2c43bf03eb6c96dd8f0307829feb7fa2b6fb", size = 21165245, upload-time = "2025-05-17T21:27:58.555Z" },
    { url = "https://files.pythonhosted.org/packages/22/c2/4b9221495b2a132cc9d2eb862e21d42a009f5a60e45fc44b00118c174bff/numpy-2.2.6-cp310-cp310-macosx_11_0_arm64.whl", hash = "sha256:8e41fd67c52b86603a91c1a505ebaef50b3314de0213461c7a6e99c9a3beff90", size = 14360048, upload-time = "2025-05-17T21:28:21.406Z" },
    { url = "https://files.pythonhosted.org/packages/fd/77/dc2fcfc66943c6410e2bf598062f5959372735ffda175b39906d54f02349/numpy-2.2.6-cp310-cp310-macosx_14_0_arm64.whl", hash = "sha256:37e990a01ae6ec7fe7fa1c26c55ecb672dd98b19c3d0e1d1f326fa13cb38d163", size = 5340542, upload-time = "2025-05-17T21:28:30.931Z" },
    { url = "https://files.pythonhosted.org/packages/7a/4f/1cb5fdc353a5f5cc7feb692db9b8ec2c3d6405453f982435efc52561df58/numpy-2.2.6-cp310-cp310-macosx_14_0_x86_64.whl", hash = "sha256:5a6429d4be8ca66d889b7cf70f536a397dc45ba6faeb5f8c5427935d9592e9cf", size = 6878301, upload-time = "2025-05-17T21:28:41.613Z" },
    { url = "https://files.pythonhosted.org/packages/eb/17/96a3acd228cec142fcb8723bd3cc39c2a474f7dcf0a5d16731980bcafa95/numpy-2.2.6-cp310-cp310-manylinux_2_17_aarch64.manylinux2014_aarch64.whl", hash = "sha256:efd28d4e9cd7d7a8d39074a4d44c63eda73401580c5c76acda2ce969e0a38e83", size = 14297320, upload-time = "2025-05-17T21:29:02.78Z" },
    { url = "https://files.pythonhosted.org/packages/b4/63/3de6a34ad7ad6646ac7d2f55ebc6ad439dbbf9c4370017c50cf403fb19b5/numpy-2.2.6-cp310-cp310-manylinux_2_17_x86_64.manylinux2014_x86_64.whl", hash = "sha256:fc7b73d02efb0e18c000e9ad8b83480dfcd5dfd11065997ed4c6747470ae8915", size = 16801050, upload-time = "2025-05-17T21:29:27.675Z" },
    { url = "https://files.pythonhosted.org/packages/07/b6/89d837eddef52b3d0cec5c6ba0456c1bf1b9ef6a6672fc2b7873c3ec4e2e/numpy-2.2.6-cp310-cp310-musllinux_1_2_aarch64.whl", hash = "sha256:74d4531beb257d2c3f4b261bfb0fc09e0f9ebb8842d82a7b4209415896adc680", size = 15807034, upload-time = "2025-05-17T21:29:51.102Z" },
    { url = "https://files.pythonhosted.org/packages/01/c8/dc6ae86e3c61cfec1f178e5c9f7858584049b6093f843bca541f94120920/numpy-2.2.6-cp310-cp310-musllinux_1_2_x86_64.whl", hash = "sha256:8fc377d995680230e83241d8a96def29f204b5782f371c532579b4f20607a289", size = 18614185, upload-time = "2025-05-17T21:30:18.703Z" },
    { url = "https://files.pythonhosted.org/packages/5b/c5/0064b1b7e7c89137b471ccec1fd2282fceaae0ab3a9550f2568782d80357/numpy-2.2.6-cp310-cp310-win32.whl", hash = "sha256:b093dd74e50a8cba3e873868d9e93a85b78e0daf2e98c6797566ad8044e8363d", size = 6527149, upload-time = "2025-05-17T21:30:29.788Z" },
    { url = "https://files.pythonhosted.org/packages/a3/dd/4b822569d6b96c39d1215dbae0582fd99954dcbcf0c1a13c61783feaca3f/numpy-2.2.6-cp310-cp310-win_amd64.whl", hash = "sha256:f0fd6321b839904e15c46e0d257fdd101dd7f530fe03fd6359c1ea63738703f3", size = 12904620, upload-time = "2025-05-17T21:30:48.994Z" },
    { url = "https://files.pythonhosted.org/packages/9e/3b/d94a75f4dbf1ef5d321523ecac21ef23a3cd2ac8b78ae2aac40873590229/numpy-2.2.6-pp310-pypy310_pp73-macosx_10_15_x86_64.whl", hash = "sha256:0b605b275d7bd0c640cad4e5d30fa701a8d59302e127e5f79138ad62762c3e3d", size = 21040391, upload-time = "2025-05-17T21:44:35.948Z" },
    { url = "https://files.pythonhosted.org/packages/17/f4/09b2fa1b58f0fb4f7c7963a1649c64c4d315752240377ed74d9cd878f7b5/numpy-2.2.6-pp310-pypy310_pp73-macosx_14_0_x86_64.whl", hash = "sha256:7befc596a7dc9da8a337f79802ee8adb30a552a94f792b9c9d18c840055907db", size = 6786754, upload-time = "2025-05-17T21:44:47.446Z" },
    { url = "https://files.pythonhosted.org/packages/af/30/feba75f143bdc868a1cc3f44ccfa6c4b9ec522b36458e738cd00f67b573f/numpy-2.2.6-pp310-pypy310_pp73-manylinux_2_17_x86_64.manylinux2014_x86_64.whl", hash = "sha256:ce47521a4754c8f4593837384bd3424880629f718d87c5d44f8ed763edd63543", size = 16643476, upload-time = "2025-05-17T21:45:11.871Z" },
    { url = "https://files.pythonhosted.org/packages/37/48/ac2a9584402fb6c0cd5b5d1a91dcf176b15760130dd386bbafdbfe3640bf/numpy-2.2.6-pp310-pypy310_pp73-win_amd64.whl", hash = "sha256:d042d24c90c41b54fd506da306759e06e568864df8ec17ccc17e9e884634fd00", size = 12812666, upload-time = "2025-05-17T21:45:31.426Z" },
]

[[package]]
name = "onnxruntime"
version = "1.23.2"
source = { registry = "https://pypi.org/simple" }
dependencies = [
    { name = "coloredlogs" },
    { name = "flatbuffers" },
    { name = "numpy" },
    { name = "packaging" },
    { name = "protobuf" },
    { name = "sympy" },
]
wheels = [
    { url = "https://files.pythonhosted.org/packages/35/d6/311b1afea060015b56c742f3531168c1644650767f27ef40062569960587/onnxruntime-1.23.2-cp310-cp310-macosx_13_0_arm64.whl", hash = "sha256:a7730122afe186a784660f6ec5807138bf9d792fa1df76556b27307ea9ebcbe3", size = 17195934, upload-time = "2025-10-27T23:06:14.143Z" },
    { url = "https://files.pythonhosted.org/packages/db/db/81bf3d7cecfbfed9092b6b4052e857a769d62ed90561b410014e0aae18db/onnxruntime-1.23.2-cp310-cp310-macosx_13_0_x86_64.whl", hash = "sha256:b28740f4ecef1738ea8f807461dd541b8287d5650b5be33bca7b474e3cbd1f36", size = 19153079, upload-time = "2025-10-27T23:05:57.686Z" },
    { url = "https://files.pythonhosted.org/packages/2e/4d/a382452b17cf70a2313153c520ea4c96ab670c996cb3a95cc5d5ac7bfdac/onnxruntime-1.23.2-cp310-cp310-manylinux_2_27_aarch64.manylinux_2_28_aarch64.whl", hash = "sha256:8f7d1fe034090a1e371b7f3ca9d3ccae2fabae8c1d8844fb7371d1ea38e8e8d2", size = 15219883, upload-time = "2025-10-22T03:46:21.66Z" },
    { url = "https://files.pythonhosted.org/packages/fb/56/179bf90679984c85b417664c26aae4f427cba7514bd2d65c43b181b7b08b/onnxruntime-1.23.2-cp310-cp310-manylinux_2_27_x86_64.manylinux_2_28_x86_64.whl", hash = "sha256:4ca88747e708e5c67337b0f65eed4b7d0dd70d22ac332038c9fc4635760018f7", size = 17370357, upload-time = "2025-10-22T03:46:57.968Z" },
    { url = "https://files.pythonhosted.org/packages/cd/6d/738e50c47c2fd285b1e6c8083f15dac1a5f6199213378a5f14092497296d/onnxruntime-1.23.2-cp310-cp310-win_amd64.whl", hash = "sha256:0be6a37a45e6719db5120e9986fcd30ea205ac8103fd1fb74b6c33348327a0cc", size = 13467651, upload-time = "2025-10-27T23:06:11.904Z" },
]

[[package]]
name = "opencv-python"
version = "4.13.0.92"
source = { registry = "https://pypi.org/simple" }
dependencies = [
    { name = "numpy" },
]
wheels = [
    { url = "https://files.pythonhosted.org/packages/fc/6f/5a28fef4c4a382be06afe3938c64cc168223016fa520c5abaf37e8862aa5/opencv_python-4.13.0.92-cp37-abi3-macosx_13_0_arm64.whl", hash = "sha256:caf60c071ec391ba51ed00a4a920f996d0b64e3e46068aac1f646b5de0326a19", size = 46247052, upload-time = "2026-02-05T07:01:25.046Z" },
    { url = "https://files.pythonhosted.org/packages/08/ac/6c98c44c650b8114a0fb901691351cfb3956d502e8e9b5cd27f4ee7fbf2f/opencv_python-4.13.0.92-cp37-abi3-macosx_14_0_x86_64.whl", hash = "sha256:5868a8c028a0b37561579bfb8ac1875babdc69546d236249fff296a8c010ccf9", size = 32568781, upload-time = "2026-02-05T07:01:41.379Z" },
    { url = "https://files.pythonhosted.org/packages/3e/51/82fed528b45173bf629fa44effb76dff8bc9f4eeaee759038362dfa60237/opencv_python-4.13.0.92-cp37-abi3-manylinux2014_aarch64.manylinux_2_17_aarch64.whl", hash = "sha256:0bc2596e68f972ca452d80f444bc404e08807d021fbba40df26b61b18e01838a", size = 47685527, upload-time = "2026-02-05T06:59:11.24Z" },
    { url = "https://files.pythonhosted.org/packages/db/07/90b34a8e2cf9c50fe8ed25cac9011cde0676b4d9d9c973751ac7616223a2/opencv_python-4.13.0.92-cp37-abi3-manylinux2014_x86_64.manylinux_2_17_x86_64.whl", hash = "sha256:402033cddf9d294693094de5ef532339f14ce821da3ad7df7c9f6e8316da32cf", size = 70460872, upload-time = "2026-02-05T06:59:19.162Z" },
    { url = "https://files.pythonhosted.org/packages/02/6d/7a9cc719b3eaf4377b9c2e3edeb7ed3a81de41f96421510c0a169ca3cfd4/opencv_python-4.13.0.92-cp37-abi3-manylinux_2_28_aarch64.whl", hash = "sha256:bccaabf9eb7f897ca61880ce2869dcd9b25b72129c28478e7f2a5e8dee945616", size = 46708208, upload-time = "2026-02-05T06:59:15.419Z" },
    { url = "https://files.pythonhosted.org/packages/fd/55/b3b49a1b97aabcfbbd6c7326df9cb0b6fa0c0aefa8e89d500939e04aa229/opencv_python-4.13.0.92-cp37-abi3-manylinux_2_28_x86_64.whl", hash = "sha256:620d602b8f7d8b8dab5f4b99c6eb353e78d3fb8b0f53db1bd258bb1aa001c1d5", size = 72927042, upload-time = "2026-02-05T06:59:23.389Z" },
    { url = "https://files.pythonhosted.org/packages/fb/17/de5458312bcb07ddf434d7bfcb24bb52c59635ad58c6e7c751b48949b009/opencv_python-4.13.0.92-cp37-abi3-win32.whl", hash = "sha256:372fe164a3148ac1ca51e5f3ad0541a4a276452273f503441d718fab9c5e5f59", size = 30932638, upload-time = "2026-02-05T07:02:14.98Z" },
    { url = "https://files.pythonhosted.org/packages/e9/a5/1be1516390333ff9be3a9cb648c9f33df79d5096e5884b5df71a588af463/opencv_python-4.13.0.92-cp37-abi3-win_amd64.whl", hash = "sha256:423d934c9fafb91aad38edf26efb46da91ffbc05f3f59c4b0c72e699720706f5", size = 40212062, upload-time = "2026-02-05T07:02:12.724Z" },
]

[[package]]
name = "packaging"
version = "26.0"
source = { registry = "https://pypi.org/simple" }
sdist = { url = "https://files.pythonhosted.org/packages/65/ee/299d360cdc32edc7d2cf530f3accf79c4fca01e96ffc950d8a52213bd8e4/packaging-26.0.tar.gz", hash = "sha256:00243ae351a257117b6a241061796684b084ed1c516a08c48a3f7e147a9d80b4", size = 143416, upload-time = "2026-01-21T20:50:39.064Z" }
wheels = [
    { url = "https://files.pythonhosted.org/packages/b7/b9/c538f279a4e237a006a2c98387d081e9eb060d203d8ed34467cc0f0b9b53/packaging-26.0-py3-none-any.whl", hash = "sha256:b36f1fef9334a5588b4166f8bcd26a14e521f2b55e6b9de3aaa80d3ff7a37529", size = 74366, upload-time = "2026-01-21T20:50:37.788Z" },
]

[[package]]
name = "protobuf"
version = "6.33.5"
source = { registry = "https://pypi.org/simple" }
sdist = { url = "https://files.pythonhosted.org/packages/ba/25/7c72c307aafc96fa87062aa6291d9f7c94836e43214d43722e86037aac02/protobuf-6.33.5.tar.gz", hash = "sha256:6ddcac2a081f8b7b9642c09406bc6a4290128fce5f471cddd165960bb9119e5c", size = 444465, upload-time = "2026-01-29T21:51:33.494Z" }
wheels = [
    { url = "https://files.pythonhosted.org/packages/b1/79/af92d0a8369732b027e6d6084251dd8e782c685c72da161bd4a2e00fbabb/protobuf-6.33.5-cp310-abi3-win32.whl", hash = "sha256:d71b040839446bac0f4d162e758bea99c8251161dae9d0983a3b88dee345153b", size = 425769, upload-time = "2026-01-29T21:51:21.751Z" },
    { url = "https://files.pythonhosted.org/packages/55/75/bb9bc917d10e9ee13dee8607eb9ab963b7cf8be607c46e7862c748aa2af7/protobuf-6.33.5-cp310-abi3-win_amd64.whl", hash = "sha256:3093804752167bcab3998bec9f1048baae6e29505adaf1afd14a37bddede533c", size = 437118, upload-time = "2026-01-29T21:51:24.022Z" },
    { url = "https://files.pythonhosted.org/packages/a2/6b/e48dfc1191bc5b52950246275bf4089773e91cb5ba3592621723cdddca62/protobuf-6.33.5-cp39-abi3-macosx_10_9_universal2.whl", hash = "sha256:a5cb85982d95d906df1e2210e58f8e4f1e3cdc088e52c921a041f9c9a0386de5", size = 427766, upload-time = "2026-01-29T21:51:25.413Z" },
    { url = "https://files.pythonhosted.org/packages/4e/b1/c79468184310de09d75095ed1314b839eb2f72df71097db9d1404a1b2717/protobuf-6.33.5-cp39-abi3-manylinux2014_aarch64.whl", hash = "sha256:9b71e0281f36f179d00cbcb119cb19dec4d14a81393e5ea220f64b286173e190", size = 324638, upload-time = "2026-01-29T21:51:26.423Z" },
    { url = "https://files.pythonhosted.org/packages/c5/f5/65d838092fd01c44d16037953fd4c2cc851e783de9b8f02b27ec4ffd906f/protobuf-6.33.5-cp39-abi3-manylinux2014_s390x.whl", hash = "sha256:8afa18e1d6d20af15b417e728e9f60f3aa108ee76f23c3b2c07a2c3b546d3afd", size = 339411, upload-time = "2026-01-29T21:51:27.446Z" },
    { url = "https://files.pythonhosted.org/packages/9b/53/a9443aa3ca9ba8724fdfa02dd1887c1bcd8e89556b715cfbacca6b63dbec/protobuf-6.33.5-cp39-abi3-manylinux2014_x86_64.whl", hash = "sha256:cbf16ba3350fb7b889fca858fb215967792dc125b35c7976ca4818bee3521cf0", size = 323465, upload-time = "2026-01-29T21:51:28.925Z" },
    { url = "https://files.pythonhosted.org/packages/57/bf/2086963c69bdac3d7cff1cc7ff79b8ce5ea0bec6797a017e1be338a46248/protobuf-6.33.5-py3-none-any.whl", hash = "sha256:69915a973dd0f60f31a08b8318b73eab2bd6a392c79184b3612226b0a3f8ec02", size = 170687, upload-time = "2026-01-29T21:51:32.557Z" },
]

[[package]]
name = "pygments"
version = "2.19.2"
source = { registry = "https://pypi.org/simple" }
sdist = { url = "https://files.pythonhosted.org/packages/b0/77/a5b8c569bf593b0140bde72ea885a803b82086995367bf2037de0159d924/pygments-2.19.2.tar.gz", hash = "sha256:636cb2477cec7f8952536970bc533bc43743542f70392ae026374600add5b887", size = 4968631, upload-time = "2025-06-21T13:39:12.283Z" }
wheels = [
    { url = "https://files.pythonhosted.org/packages/c7/21/705964c7812476f378728bdf590ca4b771ec72385c533964653c68e86bdc/pygments-2.19.2-py3-none-any.whl", hash = "sha256:86540386c03d588bb81d44bc3928634ff26449851e99741617ecb9037ee5ec0b", size = 1225217, upload-time = "2025-06-21T13:39:07.939Z" },
]

[[package]]
name = "pyopengl"
version = "3.1.10"
source = { registry = "https://pypi.org/simple" }
sdist = { url = "https://files.pythonhosted.org/packages/6f/16/912b7225d56284859cd9a672827f18be43f8012f8b7b932bc4bd959a298e/pyopengl-3.1.10.tar.gz", hash = "sha256:c4a02d6866b54eb119c8e9b3fb04fa835a95ab802dd96607ab4cdb0012df8335", size = 1915580, upload-time = "2025-08-18T02:33:01.76Z" }
wheels = [
    { url = "https://files.pythonhosted.org/packages/de/e4/1ba6f44e491c4eece978685230dde56b14d51a0365bc1b774ddaa94d14cd/pyopengl-3.1.10-py3-none-any.whl", hash = "sha256:794a943daced39300879e4e47bd94525280685f42dbb5a998d336cfff151d74f", size = 3194996, upload-time = "2025-08-18T02:32:59.902Z" },
]

[[package]]
name = "pyreadline3"
version = "3.5.4"
source = { registry = "https://pypi.org/simple" }
sdist = { url = "https://files.pythonhosted.org/packages/0f/49/4cea918a08f02817aabae639e3d0ac046fef9f9180518a3ad394e22da148/pyreadline3-3.5.4.tar.gz", hash = "sha256:8d57d53039a1c75adba8e50dd3d992b28143480816187ea5efbd5c78e6c885b7", size = 99839, upload-time = "2024-09-19T02:40:10.062Z" }
wheels = [
    { url = "https://files.pythonhosted.org/packages/5a/dc/491b7661614ab97483abf2056be1deee4dc2490ecbf7bff9ab5cdbac86e1/pyreadline3-3.5.4-py3-none-any.whl", hash = "sha256:eaf8e6cc3c49bcccf145fc6067ba8643d1df34d604a1ec0eccbf7a18e6d3fae6", size = 83178, upload-time = "2024-09-19T02:40:08.598Z" },
]

[[package]]
name = "pyyaml"
version = "6.0.3"
source = { registry = "https://pypi.org/simple" }
sdist = { url = "https://files.pythonhosted.org/packages/05/8e/961c0007c59b8dd7729d542c61a4d537767a59645b82a0b521206e1e25c2/pyyaml-6.0.3.tar.gz", hash = "sha256:d76623373421df22fb4cf8817020cbb7ef15c725b9d5e45f17e189bfc384190f", size = 130960, upload-time = "2025-09-25T21:33:16.546Z" }
wheels = [
    { url = "https://files.pythonhosted.org/packages/f4/a0/39350dd17dd6d6c6507025c0e53aef67a9293a6d37d3511f23ea510d5800/pyyaml-6.0.3-cp310-cp310-macosx_10_13_x86_64.whl", hash = "sha256:214ed4befebe12df36bcc8bc2b64b396ca31be9304b8f59e25c11cf94a4c033b", size = 184227, upload-time = "2025-09-25T21:31:46.04Z" },
    { url = "https://files.pythonhosted.org/packages/05/14/52d505b5c59ce73244f59c7a50ecf47093ce4765f116cdb98286a71eeca2/pyyaml-6.0.3-cp310-cp310-macosx_11_0_arm64.whl", hash = "sha256:02ea2dfa234451bbb8772601d7b8e426c2bfa197136796224e50e35a78777956", size = 174019, upload-time = "2025-09-25T21:31:47.706Z" },
    { url = "https://files.pythonhosted.org/packages/43/f7/0e6a5ae5599c838c696adb4e6330a59f463265bfa1e116cfd1fbb0abaaae/pyyaml-6.0.3-cp310-cp310-manylinux2014_aarch64.manylinux_2_17_aarch64.manylinux_2_28_aarch64.whl", hash = "sha256:b30236e45cf30d2b8e7b3e85881719e98507abed1011bf463a8fa23e9c3e98a8", size = 740646, upload-time = "2025-09-25T21:31:49.21Z" },
    { url = "https://files.pythonhosted.org/packages/2f/3a/61b9db1d28f00f8fd0ae760459a5c4bf1b941baf714e207b6eb0657d2578/pyyaml-6.0.3-cp310-cp310-manylinux2014_s390x.manylinux_2_17_s390x.manylinux_2_28_s390x.whl", hash = "sha256:66291b10affd76d76f54fad28e22e51719ef9ba22b29e1d7d03d6777a9174198", size = 840793, upload-time = "2025-09-25T21:31:50.735Z" },
    { url = "https://files.pythonhosted.org/packages/7a/1e/7acc4f0e74c4b3d9531e24739e0ab832a5edf40e64fbae1a9c01941cabd7/pyyaml-6.0.3-cp310-cp310-manylinux2014_x86_64.manylinux_2_17_x86_64.manylinux_2_28_x86_64.whl", hash = "sha256:9c7708761fccb9397fe64bbc0395abcae8c4bf7b0eac081e12b809bf47700d0b", size = 770293, upload-time = "2025-09-25T21:31:51.828Z" },
    { url = "https://files.pythonhosted.org/packages/8b/ef/abd085f06853af0cd59fa5f913d61a8eab65d7639ff2a658d18a25d6a89d/pyyaml-6.0.3-cp310-cp310-musllinux_1_2_aarch64.whl", hash = "sha256:418cf3f2111bc80e0933b2cd8cd04f286338bb88bdc7bc8e6dd775ebde60b5e0", size = 732872, upload-time = "2025-09-25T21:31:53.282Z" },
    { url = "https://files.pythonhosted.org/packages/1f/15/2bc9c8faf6450a8b3c9fc5448ed869c599c0a74ba2669772b1f3a0040180/pyyaml-6.0.3-cp310-cp310-musllinux_1_2_x86_64.whl", hash = "sha256:5e0b74767e5f8c593e8c9b5912019159ed0533c70051e9cce3e8b6aa699fcd69", size = 758828, upload-time = "2025-09-25T21:31:54.807Z" },
    { url = "https://files.pythonhosted.org/packages/a3/00/531e92e88c00f4333ce359e50c19b8d1de9fe8d581b1534e35ccfbc5f393/pyyaml-6.0.3-cp310-cp310-win32.whl", hash = "sha256:28c8d926f98f432f88adc23edf2e6d4921ac26fb084b028c733d01868d19007e", size = 142415, upload-time = "2025-09-25T21:31:55.885Z" },
    { url = "https://files.pythonhosted.org/packages/2a/fa/926c003379b19fca39dd4634818b00dec6c62d87faf628d1394e137354d4/pyyaml-6.0.3-cp310-cp310-win_amd64.whl", hash = "sha256:bdb2c67c6c1390b63c6ff89f210c8fd09d9a1217a465701eac7316313c915e4c", size = 158561, upload-time = "2025-09-25T21:31:57.406Z" },
]

[[package]]
name = "rich"
version = "14.3.2"
source = { registry = "https://pypi.org/simple" }
dependencies = [
    { name = "markdown-it-py" },
    { name = "pygments" },
]
sdist = { url = "https://files.pythonhosted.org/packages/74/99/a4cab2acbb884f80e558b0771e97e21e939c5dfb460f488d19df485e8298/rich-14.3.2.tar.gz", hash = "sha256:e712f11c1a562a11843306f5ed999475f09ac31ffb64281f73ab29ffdda8b3b8", size = 230143, upload-time = "2026-02-01T16:20:47.908Z" }
wheels = [
    { url = "https://files.pythonhosted.org/packages/ef/45/615f5babd880b4bd7d405cc0dc348234c5ffb6ed1ea33e152ede08b2072d/rich-14.3.2-py3-none-any.whl", hash = "sha256:08e67c3e90884651da3239ea668222d19bea7b589149d8014a21c633420dbb69", size = 309963, upload-time = "2026-02-01T16:20:46.078Z" },
]

[[package]]
name = "rich-click"
version = "1.9.7"
source = { registry = "https://pypi.org/simple" }
dependencies = [
    { name = "click" },
    { name = "colorama", marker = "sys_platform == 'win32'" },
    { name = "rich" },
    { name = "typing-extensions" },
]
sdist = { url = "https://files.pythonhosted.org/packages/04/27/091e140ea834272188e63f8dd6faac1f5c687582b687197b3e0ec3c78ebf/rich_click-1.9.7.tar.gz", hash = "sha256:022997c1e30731995bdbc8ec2f82819340d42543237f033a003c7b1f843fc5dc", size = 74838, upload-time = "2026-01-31T04:29:27.707Z" }
wheels = [
    { url = "https://files.pythonhosted.org/packages/ca/e5/d708d262b600a352abe01c2ae360d8ff75b0af819b78e9af293191d928e6/rich_click-1.9.7-py3-none-any.whl", hash = "sha256:2f99120fca78f536e07b114d3b60333bc4bb2a0969053b1250869bcdc1b5351b", size = 71491, upload-time = "2026-01-31T04:29:26.777Z" },
]

[[package]]
name = "scipy"
version = "1.15.3"
source = { registry = "https://pypi.org/simple" }
dependencies = [
    { name = "numpy" },
]
sdist = { url = "https://files.pythonhosted.org/packages/0f/37/6964b830433e654ec7485e45a00fc9a27cf868d622838f6b6d9c5ec0d532/scipy-1.15.3.tar.gz", hash = "sha256:eae3cf522bc7df64b42cad3925c876e1b0b6c35c1337c93e12c0f366f55b0eaf", size = 59419214, upload-time = "2025-05-08T16:13:05.955Z" }
wheels = [
    { url = "https://files.pythonhosted.org/packages/78/2f/4966032c5f8cc7e6a60f1b2e0ad686293b9474b65246b0c642e3ef3badd0/scipy-1.15.3-cp310-cp310-macosx_10_13_x86_64.whl", hash = "sha256:a345928c86d535060c9c2b25e71e87c39ab2f22fc96e9636bd74d1dbf9de448c", size = 38702770, upload-time = "2025-05-08T16:04:20.849Z" },
    { url = "https://files.pythonhosted.org/packages/a0/6e/0c3bf90fae0e910c274db43304ebe25a6b391327f3f10b5dcc638c090795/scipy-1.15.3-cp310-cp310-macosx_12_0_arm64.whl", hash = "sha256:ad3432cb0f9ed87477a8d97f03b763fd1d57709f1bbde3c9369b1dff5503b253", size = 30094511, upload-time = "2025-05-08T16:04:27.103Z" },
    { url = "https://files.pythonhosted.org/packages/ea/b1/4deb37252311c1acff7f101f6453f0440794f51b6eacb1aad4459a134081/scipy-1.15.3-cp310-cp310-macosx_14_0_arm64.whl", hash = "sha256:aef683a9ae6eb00728a542b796f52a5477b78252edede72b8327a886ab63293f", size = 22368151, upload-time = "2025-05-08T16:04:31.731Z" },
    { url = "https://files.pythonhosted.org/packages/38/7d/f457626e3cd3c29b3a49ca115a304cebb8cc6f31b04678f03b216899d3c6/scipy-1.15.3-cp310-cp310-macosx_14_0_x86_64.whl", hash = "sha256:1c832e1bd78dea67d5c16f786681b28dd695a8cb1fb90af2e27580d3d0967e92", size = 25121732, upload-time = "2025-05-08T16:04:36.596Z" },
    { url = "https://files.pythonhosted.org/packages/db/0a/92b1de4a7adc7a15dcf5bddc6e191f6f29ee663b30511ce20467ef9b82e4/scipy-1.15.3-cp310-cp310-manylinux_2_17_aarch64.manylinux2014_aarch64.whl", hash = "sha256:263961f658ce2165bbd7b99fa5135195c3a12d9bef045345016b8b50c315cb82", size = 35547617, upload-time = "2025-05-08T16:04:43.546Z" },
    { url = "https://files.pythonhosted.org/packages/8e/6d/41991e503e51fc1134502694c5fa7a1671501a17ffa12716a4a9151af3df/scipy-1.15.3-cp310-cp310-manylinux_2_17_x86_64.manylinux2014_x86_64.whl", hash = "sha256:9e2abc762b0811e09a0d3258abee2d98e0c703eee49464ce0069590846f31d40", size = 37662964, upload-time = "2025-05-08T16:04:49.431Z" },
    { url = "https://files.pythonhosted.org/packages/25/e1/3df8f83cb15f3500478c889be8fb18700813b95e9e087328230b98d547ff/scipy-1.15.3-cp310-cp310-musllinux_1_2_aarch64.whl", hash = "sha256:ed7284b21a7a0c8f1b6e5977ac05396c0d008b89e05498c8b7e8f4a1423bba0e", size = 37238749, upload-time = "2025-05-08T16:04:55.215Z" },
    { url = "https://files.pythonhosted.org/packages/93/3e/b3257cf446f2a3533ed7809757039016b74cd6f38271de91682aa844cfc5/scipy-1.15.3-cp310-cp310-musllinux_1_2_x86_64.whl", hash = "sha256:5380741e53df2c566f4d234b100a484b420af85deb39ea35a1cc1be84ff53a5c", size = 40022383, upload-time = "2025-05-08T16:05:01.914Z" },
    { url = "https://files.pythonhosted.org/packages/d1/84/55bc4881973d3f79b479a5a2e2df61c8c9a04fcb986a213ac9c02cfb659b/scipy-1.15.3-cp310-cp310-win_amd64.whl", hash = "sha256:9d61e97b186a57350f6d6fd72640f9e99d5a4a2b8fbf4b9ee9a841eab327dc13", size = 41259201, upload-time = "2025-05-08T16:05:08.166Z" },
]

[[package]]
name = "sshkeyboard"
version = "2.3.1"
source = { registry = "https://pypi.org/simple" }
sdist = { url = "https://files.pythonhosted.org/packages/e3/7b/d78e6ade4bb4680d0a610ed02047c4de04db62de8864193bf842c59c47cb/sshkeyboard-2.3.1.tar.gz", hash = "sha256:3273be5b2fde7f8d2ea075d40e1981104ac0928d7b77a848756f08d0e66a3d9f", size = 20296, upload-time = "2021-10-28T11:37:08.07Z" }
wheels = [
    { url = "https://files.pythonhosted.org/packages/ea/b6/d24c6184348a91386e5ca5fe3e46668ef978dd694ff98574ef0dd5904522/sshkeyboard-2.3.1-py3-none-any.whl", hash = "sha256:05ec2cb116bd9c4a7c17d7add4a5af74e12eb2add24c110608cb90f6812692f9", size = 12870, upload-time = "2021-10-28T11:37:05.566Z" },
]

[[package]]
name = "sympy"
version = "1.14.0"
source = { registry = "https://pypi.org/simple" }
dependencies = [
    { name = "mpmath" },
]
sdist = { url = "https://files.pythonhosted.org/packages/83/d3/803453b36afefb7c2bb238361cd4ae6125a569b4db67cd9e79846ba2d68c/sympy-1.14.0.tar.gz", hash = "sha256:d3d3fe8df1e5a0b42f0e7bdf50541697dbe7d23746e894990c030e2b05e72517", size = 7793921, upload-time = "2025-04-27T18:05:01.611Z" }
wheels = [
    { url = "https://files.pythonhosted.org/packages/a2/09/77d55d46fd61b4a135c444fc97158ef34a095e5681d0a6c10b75bf356191/sympy-1.14.0-py3-none-any.whl", hash = "sha256:e091cc3e99d2141a0ba2847328f5479b05d94a6635cb96148ccb3f34671bd8f5", size = 6299353, upload-time = "2025-04-27T18:04:59.103Z" },
]

[[package]]
name = "typing-extensions"
version = "4.15.0"
source = { registry = "https://pypi.org/simple" }
sdist = { url = "https://files.pythonhosted.org/packages/72/94/1a15dd82efb362ac84269196e94cf00f187f7ed21c242792a923cdb1c61f/typing_extensions-4.15.0.tar.gz", hash = "sha256:0cea48d173cc12fa28ecabc3b837ea3cf6f38c6d1136f85cbaaf598984861466", size = 109391, upload-time = "2025-08-25T13:49:26.313Z" }
wheels = [
    { url = "https://files.pythonhosted.org/packages/18/67/36e9267722cc04a6b9f15c7f3441c2363321a3ea07da7ae0c0707beb2a9c/typing_extensions-4.15.0-py3-none-any.whl", hash = "sha256:f0fa19c6845758ab08074a0cfa8b7aecb71c999ca73d62883bc25cc018c4e548", size = 44614, upload-time = "2025-08-25T13:49:24.86Z" },
]

[[package]]
name = "unitree-sdk2py"
version = "1.0.1"
source = { git = "https://github.com/EGalahad/unitree_sdk2_python.git#df04a6b1924f913a45186d77ebf89d7d2a8102af" }
dependencies = [
    { name = "cyclonedds" },
    { name = "numpy" },
    { name = "opencv-python" },
]

[[package]]
name = "zipp"
version = "3.23.0"
source = { registry = "https://pypi.org/simple" }
sdist = { url = "https://files.pythonhosted.org/packages/e3/02/0f2892c661036d50ede074e376733dca2ae7c6eb617489437771209d4180/zipp-3.23.0.tar.gz", hash = "sha256:a07157588a12518c9d4034df3fbbee09c814741a33ff63c05fa29d26a2404166", size = 25547, upload-time = "2025-06-08T17:06:39.4Z" }
wheels = [
    { url = "https://files.pythonhosted.org/packages/2e/54/647ade08bf0db230bfea292f893923872fd20be6ac6f53b2b936ba839d75/zipp-3.23.0-py3-none-any.whl", hash = "sha256:071652d6115ed432f5ce1d34c336c0adfd6a884660d1e9712a256d3d3bd4b14e", size = 10276, upload-time = "2025-06-08T17:06:38.034Z" },
]
